// !$*UTF8*$!
{
	archiveVersion = 1;
	classes = {
	};
	objectVersion = 56;
	objects = {

/* Begin PBXBuildFile section */
		611EDA8C2B9801AB00529534 /* RealityKitContent in Frameworks */ = {isa = PBXBuildFile; productRef = 611EDA8B2B9801AB00529534 /* RealityKitContent */; };
		611EDA8E2B9801AB00529534 /* LivingMagApp.swift in Sources */ = {isa = PBXBuildFile; fileRef = 611EDA8D2B9801AB00529534 /* LivingMagApp.swift */; };
		611EDA902B9801AB00529534 /* ContentView.swift in Sources */ = {isa = PBXBuildFile; fileRef = 611EDA8F2B9801AB00529534 /* ContentView.swift */; };
		611EDA922B9801AF00529534 /* Assets.xcassets in Resources */ = {isa = PBXBuildFile; fileRef = 611EDA912B9801AF00529534 /* Assets.xcassets */; };
		611EDA952B9801AF00529534 /* Preview Assets.xcassets in Resources */ = {isa = PBXBuildFile; fileRef = 611EDA942B9801AF00529534 /* Preview Assets.xcassets */; };
		611EDA9D2B98020100529534 /* VideoPlayer.swift in Sources */ = {isa = PBXBuildFile; fileRef = 611EDA9C2B98020100529534 /* VideoPlayer.swift */; };
		611EDA9F2B98025700529534 /* 360Video.swift in Sources */ = {isa = PBXBuildFile; fileRef = 611EDA9E2B98025700529534 /* 360Video.swift */; };
/* End PBXBuildFile section */

/* Begin PBXFileReference section */
		611EDA862B9801AB00529534 /* LivingMag.app */ = {isa = PBXFileReference; explicitFileType = wrapper.application; includeInIndex = 0; path = LivingMag.app; sourceTree = BUILT_PRODUCTS_DIR; };
		611EDA8A2B9801AB00529534 /* RealityKitContent */ = {isa = PBXFileReference; lastKnownFileType = wrapper; path = RealityKitContent; sourceTree = "<group>"; };
		611EDA8D2B9801AB00529534 /* LivingMagApp.swift */ = {isa = PBXFileReference; lastKnownFileType = sourcecode.swift; path = LivingMagApp.swift; sourceTree = "<group>"; };
		611EDA8F2B9801AB00529534 /* ContentView.swift */ = {isa = PBXFileReference; lastKnownFileType = sourcecode.swift; path = ContentView.swift; sourceTree = "<group>"; };
		611EDA912B9801AF00529534 /* Assets.xcassets */ = {isa = PBXFileReference; lastKnownFileType = folder.assetcatalog; path = Assets.xcassets; sourceTree = "<group>"; };
		611EDA942B9801AF00529534 /* Preview Assets.xcassets */ = {isa = PBXFileReference; lastKnownFileType = folder.assetcatalog; path = "Preview Assets.xcassets"; sourceTree = "<group>"; };
		611EDA962B9801AF00529534 /* Info.plist */ = {isa = PBXFileReference; lastKnownFileType = text.plist.xml; path = Info.plist; sourceTree = "<group>"; };
		611EDA9C2B98020100529534 /* VideoPlayer.swift */ = {isa = PBXFileReference; lastKnownFileType = sourcecode.swift; path = VideoPlayer.swift; sourceTree = "<group>"; };
		611EDA9E2B98025700529534 /* 360Video.swift */ = {isa = PBXFileReference; lastKnownFileType = sourcecode.swift; path = 360Video.swift; sourceTree = "<group>"; };
/* End PBXFileReference section */

/* Begin PBXFrameworksBuildPhase section */
		611EDA832B9801AB00529534 /* Frameworks */ = {
			isa = PBXFrameworksBuildPhase;
			buildActionMask = 2147483647;
			files = (
				611EDA8C2B9801AB00529534 /* RealityKitContent in Frameworks */,
			);
			runOnlyForDeploymentPostprocessing = 0;
		};
/* End PBXFrameworksBuildPhase section */

/* Begin PBXGroup section */
		611EDA7D2B9801AB00529534 = {
			isa = PBXGroup;
			children = (
				611EDA882B9801AB00529534 /* LivingMag */,
				611EDA892B9801AB00529534 /* Packages */,
				611EDA872B9801AB00529534 /* Products */,
			);
			sourceTree = "<group>";
		};
		611EDA872B9801AB00529534 /* Products */ = {
			isa = PBXGroup;
			children = (
				611EDA862B9801AB00529534 /* LivingMag.app */,
			);
			name = Products;
			sourceTree = "<group>";
		};
		611EDA882B9801AB00529534 /* LivingMag */ = {
			isa = PBXGroup;
			children = (
				611EDA8D2B9801AB00529534 /* LivingMagApp.swift */,
				611EDA8F2B9801AB00529534 /* ContentView.swift */,
				611EDA9C2B98020100529534 /* VideoPlayer.swift */,
				611EDA9E2B98025700529534 /* 360Video.swift */,
				611EDA912B9801AF00529534 /* Assets.xcassets */,
				611EDA962B9801AF00529534 /* Info.plist */,
				611EDA932B9801AF00529534 /* Preview Content */,
			);
			path = LivingMag;
			sourceTree = "<group>";
		};
		611EDA892B9801AB00529534 /* Packages */ = {
			isa = PBXGroup;
			children = (
				611EDA8A2B9801AB00529534 /* RealityKitContent */,
			);
			path = Packages;
			sourceTree = "<group>";
		};
		611EDA932B9801AF00529534 /* Preview Content */ = {
			isa = PBXGroup;
			children = (
				611EDA942B9801AF00529534 /* Preview Assets.xcassets */,
			);
			path = "Preview Content";
			sourceTree = "<group>";
		};
/* End PBXGroup section */

/* Begin PBXNativeTarget section */
		611EDA852B9801AB00529534 /* LivingMag */ = {
			isa = PBXNativeTarget;
			buildConfigurationList = 611EDA992B9801AF00529534 /* Build configuration list for PBXNativeTarget "LivingMag" */;
			buildPhases = (
				611EDA822B9801AB00529534 /* Sources */,
				611EDA832B9801AB00529534 /* Frameworks */,
				611EDA842B9801AB00529534 /* Resources */,
			);
			buildRules = (
			);
			dependencies = (
			);
			name = LivingMag;
			packageProductDependencies = (
				611EDA8B2B9801AB00529534 /* RealityKitContent */,
			);
			productName = LivingMag;
			productReference = 611EDA862B9801AB00529534 /* LivingMag.app */;
			productType = "com.apple.product-type.application";
		};
/* End PBXNativeTarget section */

/* Begin PBXProject section */
		611EDA7E2B9801AB00529534 /* Project object */ = {
			isa = PBXProject;
			attributes = {
				BuildIndependentTargetsInParallel = 1;
				LastSwiftUpdateCheck = 1520;
				LastUpgradeCheck = 1520;
				TargetAttributes = {
					611EDA852B9801AB00529534 = {
						CreatedOnToolsVersion = 15.2;
					};
				};
			};
			buildConfigurationList = 611EDA812B9801AB00529534 /* Build configuration list for PBXProject "LivingMag" */;
			compatibilityVersion = "Xcode 14.0";
			developmentRegion = en;
			hasScannedForEncodings = 0;
			knownRegions = (
				en,
				Base,
			);
			mainGroup = 611EDA7D2B9801AB00529534;
			productRefGroup = 611EDA872B9801AB00529534 /* Products */;
			projectDirPath = "";
			projectRoot = "";
			targets = (
				611EDA852B9801AB00529534 /* LivingMag */,
			);
		};
/* End PBXProject section */

/* Begin PBXResourcesBuildPhase section */
		611EDA842B9801AB00529534 /* Resources */ = {
			isa = PBXResourcesBuildPhase;
			buildActionMask = 2147483647;
			files = (
				611EDA952B9801AF00529534 /* Preview Assets.xcassets in Resources */,
				611EDA922B9801AF00529534 /* Assets.xcassets in Resources */,
			);
			runOnlyForDeploymentPostprocessing = 0;
		};
/* End PBXResourcesBuildPhase section */

/* Begin PBXSourcesBuildPhase section */
		611EDA822B9801AB00529534 /* Sources */ = {
			isa = PBXSourcesBuildPhase;
			buildActionMask = 2147483647;
			files = (
				611EDA902B9801AB00529534 /* ContentView.swift in Sources */,
				611EDA9F2B98025700529534 /* 360Video.swift in Sources */,
				611EDA8E2B9801AB00529534 /* LivingMagApp.swift in Sources */,
				611EDA9D2B98020100529534 /* VideoPlayer.swift in Sources */,
			);
			runOnlyForDeploymentPostprocessing = 0;
		};
/* End PBXSourcesBuildPhase section */

/* Begin XCBuildConfiguration section */
		611EDA972B9801AF00529534 /* Debug */ = {
			isa = XCBuildConfiguration;
			buildSettings = {
				ALWAYS_SEARCH_USER_PATHS = NO;
				ASSETCATALOG_COMPILER_GENERATE_SWIFT_ASSET_SYMBOL_EXTENSIONS = YES;
				CLANG_ANALYZER_NONNULL = YES;
				CLANG_ANALYZER_NUMBER_OBJECT_CONVERSION = YES_AGGRESSIVE;
				CLANG_CXX_LANGUAGE_STANDARD = "gnu++20";
				CLANG_ENABLE_MODULES = YES;
				CLANG_ENABLE_OBJC_ARC = YES;
				CLANG_ENABLE_OBJC_WEAK = YES;
				CLANG_WARN_BLOCK_CAPTURE_AUTORELEASING = YES;
				CLANG_WARN_BOOL_CONVERSION = YES;
				CLANG_WARN_COMMA = YES;
				CLANG_WARN_CONSTANT_CONVERSION = YES;
				CLANG_WARN_DEPRECATED_OBJC_IMPLEMENTATIONS = YES;
				CLANG_WARN_DIRECT_OBJC_ISA_USAGE = YES_ERROR;
				CLANG_WARN_DOCUMENTATION_COMMENTS = YES;
				CLANG_WARN_EMPTY_BODY = YES;
				CLANG_WARN_ENUM_CONVERSION = YES;
				CLANG_WARN_INFINITE_RECURSION = YES;
				CLANG_WARN_INT_CONVERSION = YES;
				CLANG_WARN_NON_LITERAL_NULL_CONVERSION = YES;
				CLANG_WARN_OBJC_IMPLICIT_RETAIN_SELF = YES;
				CLANG_WARN_OBJC_LITERAL_CONVERSION = YES;
				CLANG_WARN_OBJC_ROOT_CLASS = YES_ERROR;
				CLANG_WARN_QUOTED_INCLUDE_IN_FRAMEWORK_HEADER = YES;
				CLANG_WARN_RANGE_LOOP_ANALYSIS = YES;
				CLANG_WARN_STRICT_PROTOTYPES = YES;
				CLANG_WARN_SUSPICIOUS_MOVE = YES;
				CLANG_WARN_UNGUARDED_AVAILABILITY = YES_AGGRESSIVE;
				CLANG_WARN_UNREACHABLE_CODE = YES;
				CLANG_WARN__DUPLICATE_METHOD_MATCH = YES;
				COPY_PHASE_STRIP = NO;
				DEBUG_INFORMATION_FORMAT = dwarf;
				ENABLE_STRICT_OBJC_MSGSEND = YES;
				ENABLE_TESTABILITY = YES;
				ENABLE_USER_SCRIPT_SANDBOXING = YES;
				GCC_C_LANGUAGE_STANDARD = gnu17;
				GCC_DYNAMIC_NO_PIC = NO;
				GCC_NO_COMMON_BLOCKS = YES;
				GCC_OPTIMIZATION_LEVEL = 0;
				GCC_PREPROCESSOR_DEFINITIONS = (
					"DEBUG=1",
					"$(inherited)",
				);
				GCC_WARN_64_TO_32_BIT_CONVERSION = YES;
				GCC_WARN_ABOUT_RETURN_TYPE = YES_ERROR;
				GCC_WARN_UNDECLARED_SELECTOR = YES;
				GCC_WARN_UNINITIALIZED_AUTOS = YES_AGGRESSIVE;
				GCC_WARN_UNUSED_FUNCTION = YES;
				GCC_WARN_UNUSED_VARIABLE = YES;
				LOCALIZATION_PREFERS_STRING_CATALOGS = YES;
				MTL_ENABLE_DEBUG_INFO = INCLUDE_SOURCE;
				MTL_FAST_MATH = YES;
				ONLY_ACTIVE_ARCH = YES;
				SDKROOT = xros;
				SWIFT_ACTIVE_COMPILATION_CONDITIONS = "DEBUG $(inherited)";
				SWIFT_OPTIMIZATION_LEVEL = "-Onone";
				XROS_DEPLOYMENT_TARGET = 1.0;
			};
			name = Debug;
		};
		611EDA982B9801AF00529534 /* Release */ = {
			isa = XCBuildConfiguration;
			buildSettings = {
				ALWAYS_SEARCH_USER_PATHS = NO;
				ASSETCATALOG_COMPILER_GENERATE_SWIFT_ASSET_SYMBOL_EXTENSIONS = YES;
				CLANG_ANALYZER_NONNULL = YES;
				CLANG_ANALYZER_NUMBER_OBJECT_CONVERSION = YES_AGGRESSIVE;
				CLANG_CXX_LANGUAGE_STANDARD = "gnu++20";
				CLANG_ENABLE_MODULES = YES;
				CLANG_ENABLE_OBJC_ARC = YES;
				CLANG_ENABLE_OBJC_WEAK = YES;
				CLANG_WARN_BLOCK_CAPTURE_AUTORELEASING = YES;
				CLANG_WARN_BOOL_CONVERSION = YES;
				CLANG_WARN_COMMA = YES;
				CLANG_WARN_CONSTANT_CONVERSION = YES;
				CLANG_WARN_DEPRECATED_OBJC_IMPLEMENTATIONS = YES;
				CLANG_WARN_DIRECT_OBJC_ISA_USAGE = YES_ERROR;
				CLANG_WARN_DOCUMENTATION_COMMENTS = YES;
				CLANG_WARN_EMPTY_BODY = YES;
				CLANG_WARN_ENUM_CONVERSION = YES;
				CLANG_WARN_INFINITE_RECURSION = YES;
				CLANG_WARN_INT_CONVERSION = YES;
				CLANG_WARN_NON_LITERAL_NULL_CONVERSION = YES;
				CLANG_WARN_OBJC_IMPLICIT_RETAIN_SELF = YES;
				CLANG_WARN_OBJC_LITERAL_CONVERSION = YES;
				CLANG_WARN_OBJC_ROOT_CLASS = YES_ERROR;
				CLANG_WARN_QUOTED_INCLUDE_IN_FRAMEWORK_HEADER = YES;
				CLANG_WARN_RANGE_LOOP_ANALYSIS = YES;
				CLANG_WARN_STRICT_PROTOTYPES = YES;
				CLANG_WARN_SUSPICIOUS_MOVE = YES;
				CLANG_WARN_UNGUARDED_AVAILABILITY = YES_AGGRESSIVE;
				CLANG_WARN_UNREACHABLE_CODE = YES;
				CLANG_WARN__DUPLICATE_METHOD_MATCH = YES;
				COPY_PHASE_STRIP = NO;
				DEBUG_INFORMATION_FORMAT = "dwarf-with-dsym";
				ENABLE_NS_ASSERTIONS = NO;
				ENABLE_STRICT_OBJC_MSGSEND = YES;
				ENABLE_USER_SCRIPT_SANDBOXING = YES;
				GCC_C_LANGUAGE_STANDARD = gnu17;
				GCC_NO_COMMON_BLOCKS = YES;
				GCC_WARN_64_TO_32_BIT_CONVERSION = YES;
				GCC_WARN_ABOUT_RETURN_TYPE = YES_ERROR;
				GCC_WARN_UNDECLARED_SELECTOR = YES;
				GCC_WARN_UNINITIALIZED_AUTOS = YES_AGGRESSIVE;
				GCC_WARN_UNUSED_FUNCTION = YES;
				GCC_WARN_UNUSED_VARIABLE = YES;
				LOCALIZATION_PREFERS_STRING_CATALOGS = YES;
				MTL_ENABLE_DEBUG_INFO = NO;
				MTL_FAST_MATH = YES;
				SDKROOT = xros;
				SWIFT_COMPILATION_MODE = wholemodule;
				VALIDATE_PRODUCT = YES;
				XROS_DEPLOYMENT_TARGET = 1.0;
			};
			name = Release;
		};
		611EDA9A2B9801AF00529534 /* Debug */ = {
			isa = XCBuildConfiguration;
			buildSettings = {
				ASSETCATALOG_COMPILER_APPICON_NAME = AppIcon;
				ASSETCATALOG_COMPILER_GLOBAL_ACCENT_COLOR_NAME = AccentColor;
				CODE_SIGN_STYLE = Automatic;
				CURRENT_PROJECT_VERSION = 1;
				DEVELOPMENT_ASSET_PATHS = "\"LivingMag/Preview Content\"";
				DEVELOPMENT_TEAM = 29AHJLC5RL;
				ENABLE_PREVIEWS = YES;
				GENERATE_INFOPLIST_FILE = YES;
				INFOPLIST_FILE = "$(TARGET_NAME)/Info.plist";
				LD_RUNPATH_SEARCH_PATHS = (
					"$(inherited)",
					"@executable_path/Frameworks",
				);
				MARKETING_VERSION = 1.0;
				PRODUCT_BUNDLE_IDENTIFIER = com.sonor.LivingMag;
				PRODUCT_NAME = "$(TARGET_NAME)";
				SUPPORTED_PLATFORMS = "xros xrsimulator";
				SWIFT_EMIT_LOC_STRINGS = YES;
				SWIFT_VERSION = 5.0;
				TARGETED_DEVICE_FAMILY = "1,2,7";
			};
			name = Debug;
		};
		611EDA9B2B9801AF00529534 /* Release */ = {
			isa = XCBuildConfiguration;
			buildSettings = {
				ASSETCATALOG_COMPILER_APPICON_NAME = AppIcon;
				ASSETCATALOG_COMPILER_GLOBAL_ACCENT_COLOR_NAME = AccentColor;
				CODE_SIGN_STYLE = Automatic;
				CURRENT_PROJECT_VERSION = 1;
				DEVELOPMENT_ASSET_PATHS = "\"LivingMag/Preview Content\"";
				DEVELOPMENT_TEAM = 29AHJLC5RL;
				ENABLE_PREVIEWS = YES;
				GENERATE_INFOPLIST_FILE = YES;
				INFOPLIST_FILE = "$(TARGET_NAME)/Info.plist";
				LD_RUNPATH_SEARCH_PATHS = (
					"$(inherited)",
					"@executable_path/Frameworks",
				);
				MARKETING_VERSION = 1.0;
				PRODUCT_BUNDLE_IDENTIFIER = com.sonor.LivingMag;
				PRODUCT_NAME = "$(TARGET_NAME)";
				SUPPORTED_PLATFORMS = "xros xrsimulator";
				SWIFT_EMIT_LOC_STRINGS = YES;
				SWIFT_VERSION = 5.0;
				TARGETED_DEVICE_FAMILY = "1,2,7";
			};
			name = Release;
		};
/* End XCBuildConfiguration section */

/* Begin XCConfigurationList section */
		611EDA812B9801AB00529534 /* Build configuration list for PBXProject "LivingMag" */ = {
			isa = XCConfigurationList;
			buildConfigurations = (
				611EDA972B9801AF00529534 /* Debug */,
				611EDA982B9801AF00529534 /* Release */,
			);
			defaultConfigurationIsVisible = 0;
			defaultConfigurationName = Release;
		};
		611EDA992B9801AF00529534 /* Build configuration list for PBXNativeTarget "LivingMag" */ = {
			isa = XCConfigurationList;
			buildConfigurations = (
				611EDA9A2B9801AF00529534 /* Debug */,
				611EDA9B2B9801AF00529534 /* Release */,
			);
			defaultConfigurationIsVisible = 0;
			defaultConfigurationName = Release;
		};
/* End XCConfigurationList section */

/* Begin XCSwiftPackageProductDependency section */
		611EDA8B2B9801AB00529534 /* RealityKitContent */ = {
			isa = XCSwiftPackageProductDependency;
			productName = RealityKitContent;
		};
/* End XCSwiftPackageProductDependency section */
	};
	rootObject = 611EDA7E2B9801AB00529534 /* Project object */;
}
